// !$*UTF8*$!
{
	archiveVersion = 1;
	classes = {
	};
	objectVersion = 46;
	objects = {

/* Begin PBXBuildFile section */
		78D9920F1B6BA59700ABE763 /* main.m in Sources */ = {isa = PBXBuildFile; fileRef = 78D9920E1B6BA59700ABE763 /* main.m */; };
		78D992121B6BA59700ABE763 /* AppDelegate.m in Sources */ = {isa = PBXBuildFile; fileRef = 78D992111B6BA59700ABE763 /* AppDelegate.m */; };
		78D992151B6BA59700ABE763 /* ViewController.m in Sources */ = {isa = PBXBuildFile; fileRef = 78D992141B6BA59700ABE763 /* ViewController.m */; };
		78D992181B6BA59700ABE763 /* Main.storyboard in Resources */ = {isa = PBXBuildFile; fileRef = 78D992161B6BA59700ABE763 /* Main.storyboard */; };
		78D9921A1B6BA59700ABE763 /* Images.xcassets in Resources */ = {isa = PBXBuildFile; fileRef = 78D992191B6BA59700ABE763 /* Images.xcassets */; };
		78D9921D1B6BA59700ABE763 /* LaunchScreen.xib in Resources */ = {isa = PBXBuildFile; fileRef = 78D9921B1B6BA59700ABE763 /* LaunchScreen.xib */; };
		78D992291B6BA59700ABE763 /* ToDoListTests.m in Sources */ = {isa = PBXBuildFile; fileRef = 78D992281B6BA59700ABE763 /* ToDoListTests.m */; };
/* End PBXBuildFile section */

/* Begin PBXContainerItemProxy section */
		78D992231B6BA59700ABE763 /* PBXContainerItemProxy */ = {
			isa = PBXContainerItemProxy;
			containerPortal = 78D992011B6BA59600ABE763 /* Project object */;
			proxyType = 1;
			remoteGlobalIDString = 78D992081B6BA59700ABE763;
			remoteInfo = ToDoList;
		};
/* End PBXContainerItemProxy section */

/* Begin PBXFileReference section */
		78D992091B6BA59700ABE763 /* ToDoList.app */ = {isa = PBXFileReference; explicitFileType = wrapper.application; includeInIndex = 0; path = ToDoList.app; sourceTree = BUILT_PRODUCTS_DIR; };
		78D9920D1B6BA59700ABE763 /* Info.plist */ = {isa = PBXFileReference; lastKnownFileType = text.plist.xml; path = Info.plist; sourceTree = "<group>"; };
		78D9920E1B6BA59700ABE763 /* main.m */ = {isa = PBXFileReference; lastKnownFileType = sourcecode.c.objc; path = main.m; sourceTree = "<group>"; };
		78D992101B6BA59700ABE763 /* AppDelegate.h */ = {isa = PBXFileReference; lastKnownFileType = sourcecode.c.h; path = AppDelegate.h; sourceTree = "<group>"; };
		78D992111B6BA59700ABE763 /* AppDelegate.m */ = {isa = PBXFileReference; lastKnownFileType = sourcecode.c.objc; path = AppDelegate.m; sourceTree = "<group>"; };
		78D992131B6BA59700ABE763 /* ViewController.h */ = {isa = PBXFileReference; lastKnownFileType = sourcecode.c.h; path = ViewController.h; sourceTree = "<group>"; };
		78D992141B6BA59700ABE763 /* ViewController.m */ = {isa = PBXFileReference; lastKnownFileType = sourcecode.c.objc; path = ViewController.m; sourceTree = "<group>"; };
		78D992171B6BA59700ABE763 /* Base */ = {isa = PBXFileReference; lastKnownFileType = file.storyboard; name = Base; path = Base.lproj/Main.storyboard; sourceTree = "<group>"; };
		78D992191B6BA59700ABE763 /* Images.xcassets */ = {isa = PBXFileReference; lastKnownFileType = folder.assetcatalog; path = Images.xcassets; sourceTree = "<group>"; };
		78D9921C1B6BA59700ABE763 /* Base */ = {isa = PBXFileReference; lastKnownFileType = file.xib; name = Base; path = Base.lproj/LaunchScreen.xib; sourceTree = "<group>"; };
		78D992221B6BA59700ABE763 /* ToDoListTests.xctest */ = {isa = PBXFileReference; explicitFileType = wrapper.cfbundle; includeInIndex = 0; path = ToDoListTests.xctest; sourceTree = BUILT_PRODUCTS_DIR; };
		78D992271B6BA59700ABE763 /* Info.plist */ = {isa = PBXFileReference; lastKnownFileType = text.plist.xml; path = Info.plist; sourceTree = "<group>"; };
		78D992281B6BA59700ABE763 /* ToDoListTests.m */ = {isa = PBXFileReference; lastKnownFileType = sourcecode.c.objc; path = ToDoListTests.m; sourceTree = "<group>"; };
/* End PBXFileReference section */

/* Begin PBXFrameworksBuildPhase section */
		78D992061B6BA59700ABE763 /* Frameworks */ = {
			isa = PBXFrameworksBuildPhase;
			buildActionMask = 2147483647;
			files = (
			);
			runOnlyForDeploymentPostprocessing = 0;
		};
		78D9921F1B6BA59700ABE763 /* Frameworks */ = {
			isa = PBXFrameworksBuildPhase;
			buildActionMask = 2147483647;
			files = (
			);
			runOnlyForDeploymentPostprocessing = 0;
		};
/* End PBXFrameworksBuildPhase section */

/* Begin PBXGroup section */
		78D992001B6BA59600ABE763 = {
			isa = PBXGroup;
			children = (
				78D9920B1B6BA59700ABE763 /* ToDoList */,
				78D992251B6BA59700ABE763 /* ToDoListTests */,
				78D9920A1B6BA59700ABE763 /* Products */,
			);
			sourceTree = "<group>";
		};
		78D9920A1B6BA59700ABE763 /* Products */ = {
			isa = PBXGroup;
			children = (
				78D992091B6BA59700ABE763 /* ToDoList.app */,
				78D992221B6BA59700ABE763 /* ToDoListTests.xctest */,
			);
			name = Products;
			sourceTree = "<group>";
		};
		78D9920B1B6BA59700ABE763 /* ToDoList */ = {
			isa = PBXGroup;
			children = (
				78D992101B6BA59700ABE763 /* AppDelegate.h */,
				78D992111B6BA59700ABE763 /* AppDelegate.m */,
				78D992131B6BA59700ABE763 /* ViewController.h */,
				78D992141B6BA59700ABE763 /* ViewController.m */,
				78D992161B6BA59700ABE763 /* Main.storyboard */,
				78D992191B6BA59700ABE763 /* Images.xcassets */,
				78D9921B1B6BA59700ABE763 /* LaunchScreen.xib */,
				78D9920C1B6BA59700ABE763 /* Supporting Files */,
			);
			path = ToDoList;
			sourceTree = "<group>";
		};
		78D9920C1B6BA59700ABE763 /* Supporting Files */ = {
			isa = PBXGroup;
			children = (
				78D9920D1B6BA59700ABE763 /* Info.plist */,
				78D9920E1B6BA59700ABE763 /* main.m */,
			);
			name = "Supporting Files";
			sourceTree = "<group>";
		};
		78D992251B6BA59700ABE763 /* ToDoListTests */ = {
			isa = PBXGroup;
			children = (
				78D992281B6BA59700ABE763 /* ToDoListTests.m */,
				78D992261B6BA59700ABE763 /* Supporting Files */,
			);
			path = ToDoListTests;
			sourceTree = "<group>";
		};
		78D992261B6BA59700ABE763 /* Supporting Files */ = {
			isa = PBXGroup;
			children = (
				78D992271B6BA59700ABE763 /* Info.plist */,
			);
			name = "Supporting Files";
			sourceTree = "<group>";
		};
/* End PBXGroup section */

/* Begin PBXNativeTarget section */
		78D992081B6BA59700ABE763 /* ToDoList */ = {
			isa = PBXNativeTarget;
			buildConfigurationList = 78D9922C1B6BA59700ABE763 /* Build configuration list for PBXNativeTarget "ToDoList" */;
			buildPhases = (
				78D992051B6BA59700ABE763 /* Sources */,
				78D992061B6BA59700ABE763 /* Frameworks */,
				78D992071B6BA59700ABE763 /* Resources */,
			);
			buildRules = (
			);
			dependencies = (
			);
			name = ToDoList;
			productName = ToDoList;
			productReference = 78D992091B6BA59700ABE763 /* ToDoList.app */;
			productType = "com.apple.product-type.application";
		};
		78D992211B6BA59700ABE763 /* ToDoListTests */ = {
			isa = PBXNativeTarget;
			buildConfigurationList = 78D9922F1B6BA59700ABE763 /* Build configuration list for PBXNativeTarget "ToDoListTests" */;
			buildPhases = (
				78D9921E1B6BA59700ABE763 /* Sources */,
				78D9921F1B6BA59700ABE763 /* Frameworks */,
				78D992201B6BA59700ABE763 /* Resources */,
			);
			buildRules = (
			);
			dependencies = (
				78D992241B6BA59700ABE763 /* PBXTargetDependency */,
			);
			name = ToDoListTests;
			productName = ToDoListTests;
			productReference = 78D992221B6BA59700ABE763 /* ToDoListTests.xctest */;
			productType = "com.apple.product-type.bundle.unit-test";
		};
/* End PBXNativeTarget section */

/* Begin PBXProject section */
		78D992011B6BA59600ABE763 /* Project object */ = {
			isa = PBXProject;
			attributes = {
				LastUpgradeCheck = 0640;
				ORGANIZATIONNAME = "Olga Khomich";
				TargetAttributes = {
					78D992081B6BA59700ABE763 = {
						CreatedOnToolsVersion = 6.4;
					};
					78D992211B6BA59700ABE763 = {
						CreatedOnToolsVersion = 6.4;
						TestTargetID = 78D992081B6BA59700ABE763;
					};
				};
			};
			buildConfigurationList = 78D992041B6BA59600ABE763 /* Build configuration list for PBXProject "ToDoList" */;
			compatibilityVersion = "Xcode 3.2";
			developmentRegion = English;
			hasScannedForEncodings = 0;
			knownRegions = (
				en,
				Base,
			);
			mainGroup = 78D992001B6BA59600ABE763;
			productRefGroup = 78D9920A1B6BA59700ABE763 /* Products */;
			projectDirPath = "";
			projectRoot = "";
			targets = (
				78D992081B6BA59700ABE763 /* ToDoList */,
				78D992211B6BA59700ABE763 /* ToDoListTests */,
			);
		};
/* End PBXProject section */

/* Begin PBXResourcesBuildPhase section */
		78D992071B6BA59700ABE763 /* Resources */ = {
			isa = PBXResourcesBuildPhase;
			buildActionMask = 2147483647;
			files = (
				78D992181B6BA59700ABE763 /* Main.storyboard in Resources */,
				78D9921D1B6BA59700ABE763 /* LaunchScreen.xib in Resources */,
				78D9921A1B6BA59700ABE763 /* Images.xcassets in Resources */,
			);
			runOnlyForDeploymentPostprocessing = 0;
		};
		78D992201B6BA59700ABE763 /* Resources */ = {
			isa = PBXResourcesBuildPhase;
			buildActionMask = 2147483647;
			files = (
			);
			runOnlyForDeploymentPostprocessing = 0;
		};
/* End PBXResourcesBuildPhase section */

/* Begin PBXSourcesBuildPhase section */
		78D992051B6BA59700ABE763 /* Sources */ = {
			isa = PBXSourcesBuildPhase;
			buildActionMask = 2147483647;
			files = (
				78D992151B6BA59700ABE763 /* ViewController.m in Sources */,
				78D992121B6BA59700ABE763 /* AppDelegate.m in Sources */,
				78D9920F1B6BA59700ABE763 /* main.m in Sources */,
			);
			runOnlyForDeploymentPostprocessing = 0;
		};
		78D9921E1B6BA59700ABE763 /* Sources */ = {
			isa = PBXSourcesBuildPhase;
			buildActionMask = 2147483647;
			files = (
				78D992291B6BA59700ABE763 /* ToDoListTests.m in Sources */,
			);
			runOnlyForDeploymentPostprocessing = 0;
		};
/* End PBXSourcesBuildPhase section */

/* Begin PBXTargetDependency section */
		78D992241B6BA59700ABE763 /* PBXTargetDependency */ = {
			isa = PBXTargetDependency;
			target = 78D992081B6BA59700ABE763 /* ToDoList */;
			targetProxy = 78D992231B6BA59700ABE763 /* PBXContainerItemProxy */;
		};
/* End PBXTargetDependency section */

/* Begin PBXVariantGroup section */
		78D992161B6BA59700ABE763 /* Main.storyboard */ = {
			isa = PBXVariantGroup;
			children = (
				78D992171B6BA59700ABE763 /* Base */,
			);
			name = Main.storyboard;
			sourceTree = "<group>";
		};
		78D9921B1B6BA59700ABE763 /* LaunchScreen.xib */ = {
			isa = PBXVariantGroup;
			children = (
				78D9921C1B6BA59700ABE763 /* Base */,
			);
			name = LaunchScreen.xib;
			sourceTree = "<group>";
		};
/* End PBXVariantGroup section */

/* Begin XCBuildConfiguration section */
		78D9922A1B6BA59700ABE763 /* Debug */ = {
			isa = XCBuildConfiguration;
			buildSettings = {
				ALWAYS_SEARCH_USER_PATHS = NO;
				CLANG_CXX_LANGUAGE_STANDARD = "gnu++0x";
				CLANG_CXX_LIBRARY = "libc++";
				CLANG_ENABLE_MODULES = YES;
				CLANG_ENABLE_OBJC_ARC = YES;
				CLANG_WARN_BOOL_CONVERSION = YES;
				CLANG_WARN_CONSTANT_CONVERSION = YES;
				CLANG_WARN_DIRECT_OBJC_ISA_USAGE = YES_ERROR;
				CLANG_WARN_EMPTY_BODY = YES;
				CLANG_WARN_ENUM_CONVERSION = YES;
				CLANG_WARN_INT_CONVERSION = YES;
				CLANG_WARN_OBJC_ROOT_CLASS = YES_ERROR;
				CLANG_WARN_UNREACHABLE_CODE = YES;
				CLANG_WARN__DUPLICATE_METHOD_MATCH = YES;
				"CODE_SIGN_IDENTITY[sdk=iphoneos*]" = "iPhone Developer";
				COPY_PHASE_STRIP = NO;
				DEBUG_INFORMATION_FORMAT = "dwarf-with-dsym";
				ENABLE_STRICT_OBJC_MSGSEND = YES;
				GCC_C_LANGUAGE_STANDARD = gnu99;
				GCC_DYNAMIC_NO_PIC = NO;
				GCC_NO_COMMON_BLOCKS = YES;
				GCC_OPTIMIZATION_LEVEL = 0;
				GCC_PREPROCESSOR_DEFINITIONS = (
					"DEBUG=1",
					"$(inherited)",
				);
				GCC_SYMBOLS_PRIVATE_EXTERN = NO;
				GCC_WARN_64_TO_32_BIT_CONVERSION = YES;
				GCC_WARN_ABOUT_RETURN_TYPE = YES_ERROR;
				GCC_WARN_UNDECLARED_SELECTOR = YES;
				GCC_WARN_UNINITIALIZED_AUTOS = YES_AGGRESSIVE;
				GCC_WARN_UNUSED_FUNCTION = YES;
				GCC_WARN_UNUSED_VARIABLE = YES;
				IPHONEOS_DEPLOYMENT_TARGET = 8.4;
				MTL_ENABLE_DEBUG_INFO = YES;
				ONLY_ACTIVE_ARCH = YES;
				SDKROOT = iphoneos;
				TARGETED_DEVICE_FAMILY = "1,2";
			};
			name = Debug;
		};
		78D9922B1B6BA59700ABE763 /* Release */ = {
			isa = XCBuildConfiguration;
			buildSettings = {
				ALWAYS_SEARCH_USER_PATHS = NO;
				CLANG_CXX_LANGUAGE_STANDARD = "gnu++0x";
				CLANG_CXX_LIBRARY = "libc++";
				CLANG_ENABLE_MODULES = YES;
				CLANG_ENABLE_OBJC_ARC = YES;
				CLANG_WARN_BOOL_CONVERSION = YES;
				CLANG_WARN_CONSTANT_CONVERSION = YES;
				CLANG_WARN_DIRECT_OBJC_ISA_USAGE = YES_ERROR;
				CLANG_WARN_EMPTY_BODY = YES;
				CLANG_WARN_ENUM_CONVERSION = YES;
				CLANG_WARN_INT_CONVERSION = YES;
				CLANG_WARN_OBJC_ROOT_CLASS = YES_ERROR;
				CLANG_WARN_UNREACHABLE_CODE = YES;
				CLANG_WARN__DUPLICATE_METHOD_MATCH = YES;
				"CODE_SIGN_IDENTITY[sdk=iphoneos*]" = "iPhone Developer";
				COPY_PHASE_STRIP = NO;
				DEBUG_INFORMATION_FORMAT = "dwarf-with-dsym";
				ENABLE_NS_ASSERTIONS = NO;
				ENABLE_STRICT_OBJC_MSGSEND = YES;
				GCC_C_LANGUAGE_STANDARD = gnu99;
				GCC_NO_COMMON_BLOCKS = YES;
				GCC_WARN_64_TO_32_BIT_CONVERSION = YES;
				GCC_WARN_ABOUT_RETURN_TYPE = YES_ERROR;
				GCC_WARN_UNDECLARED_SELECTOR = YES;
				GCC_WARN_UNINITIALIZED_AUTOS = YES_AGGRESSIVE;
				GCC_WARN_UNUSED_FUNCTION = YES;
				GCC_WARN_UNUSED_VARIABLE = YES;
				IPHONEOS_DEPLOYMENT_TARGET = 8.4;
				MTL_ENABLE_DEBUG_INFO = NO;
				SDKROOT = iphoneos;
				TARGETED_DEVICE_FAMILY = "1,2";
				VALIDATE_PRODUCT = YES;
			};
			name = Release;
		};
		78D9922D1B6BA59700ABE763 /* Debug */ = {
			isa = XCBuildConfiguration;
			buildSettings = {
				ASSETCATALOG_COMPILER_APPICON_NAME = AppIcon;
				INFOPLIST_FILE = ToDoList/Info.plist;
				LD_RUNPATH_SEARCH_PATHS = "$(inherited) @executable_path/Frameworks";
				PRODUCT_NAME = "$(TARGET_NAME)";
			};
			name = Debug;
		};
		78D9922E1B6BA59700ABE763 /* Release */ = {
			isa = XCBuildConfiguration;
			buildSettings = {
				ASSETCATALOG_COMPILER_APPICON_NAME = AppIcon;
				INFOPLIST_FILE = ToDoList/Info.plist;
				LD_RUNPATH_SEARCH_PATHS = "$(inherited) @executable_path/Frameworks";
				PRODUCT_NAME = "$(TARGET_NAME)";
			};
			name = Release;
		};
		78D992301B6BA59700ABE763 /* Debug */ = {
			isa = XCBuildConfiguration;
			buildSettings = {
				BUNDLE_LOADER = "$(TEST_HOST)";
				FRAMEWORK_SEARCH_PATHS = (
					"$(SDKROOT)/Developer/Library/Frameworks",
					"$(inherited)",
				);
				GCC_PREPROCESSOR_DEFINITIONS = (
					"DEBUG=1",
					"$(inherited)",
				);
				INFOPLIST_FILE = ToDoListTests/Info.plist;
				LD_RUNPATH_SEARCH_PATHS = "$(inherited) @executable_path/Frameworks @loader_path/Frameworks";
				PRODUCT_NAME = "$(TARGET_NAME)";
				TEST_HOST = "$(BUILT_PRODUCTS_DIR)/ToDoList.app/ToDoList";
			};
			name = Debug;
		};
		78D992311B6BA59700ABE763 /* Release */ = {
			isa = XCBuildConfiguration;
			buildSettings = {
				BUNDLE_LOADER = "$(TEST_HOST)";
				FRAMEWORK_SEARCH_PATHS = (
					"$(SDKROOT)/Developer/Library/Frameworks",
					"$(inherited)",
				);
				INFOPLIST_FILE = ToDoListTests/Info.plist;
				LD_RUNPATH_SEARCH_PATHS = "$(inherited) @executable_path/Frameworks @loader_path/Frameworks";
				PRODUCT_NAME = "$(TARGET_NAME)";
				TEST_HOST = "$(BUILT_PRODUCTS_DIR)/ToDoList.app/ToDoList";
			};
			name = Release;
		};
/* End XCBuildConfiguration section */

/* Begin XCConfigurationList section */
		78D992041B6BA59600ABE763 /* Build configuration list for PBXProject "ToDoList" */ = {
			isa = XCConfigurationList;
			buildConfigurations = (
				78D9922A1B6BA59700ABE763 /* Debug */,
				78D9922B1B6BA59700ABE763 /* Release */,
			);
			defaultConfigurationIsVisible = 0;
			defaultConfigurationName = Release;
		};
		78D9922C1B6BA59700ABE763 /* Build configuration list for PBXNativeTarget "ToDoList" */ = {
			isa = XCConfigurationList;
			buildConfigurations = (
				78D9922D1B6BA59700ABE763 /* Debug */,
				78D9922E1B6BA59700ABE763 /* Release */,
			);
			defaultConfigurationIsVisible = 0;
		};
		78D9922F1B6BA59700ABE763 /* Build configuration list for PBXNativeTarget "ToDoListTests" */ = {
			isa = XCConfigurationList;
			buildConfigurations = (
				78D992301B6BA59700ABE763 /* Debug */,
				78D992311B6BA59700ABE763 /* Release */,
			);
			defaultConfigurationIsVisible = 0;
		};
/* End XCConfigurationList section */
	};
	rootObject = 78D992011B6BA59600ABE763 /* Project object */;
}
